
Microsoft Visual Studio Solution File, Format Version 12.00
# Visual Studio Version 17
VisualStudioVersion = 17.8.34330.188
MinimumVisualStudioVersion = 10.0.40219.1
Project("{FAE04EC0-301F-11D3-BF4B-00C04F79EFBC}") = "QuanLyQuanCafe", "QuanLyQuanCafe\QuanLyQuanCafe.csproj", "{A6A0AB40-F288-49A7-BFBE-4F0DE8D00F8D}"
EndProject
Global
	GlobalSection(SolutionConfigurationPlatforms) = preSolution
		Debug|Any CPU = Debug|Any CPU
		Release|Any CPU = Release|Any CPU
	EndGlobalSection
	GlobalSection(ProjectConfigurationPlatforms) = postSolution
		{A6A0AB40-F288-49A7-BFBE-4F0DE8D00F8D}.Debug|Any CPU.ActiveCfg = Debug|Any CPU
		{A6A0AB40-F288-49A7-BFBE-4F0DE8D00F8D}.Debug|Any CPU.Build.0 = Debug|Any CPU
		{A6A0AB40-F288-49A7-BFBE-4F0DE8D00F8D}.Release|Any CPU.ActiveCfg = Release|Any CPU
		{A6A0AB40-F288-49A7-BFBE-4F0DE8D00F8D}.Release|Any CPU.Build.0 = Release|Any CPU
	EndGlobalSection
	GlobalSection(SolutionProperties) = preSolution
		HideSolutionNode = FALSE
	EndGlobalSection
	GlobalSection(ExtensibilityGlobals) = postSolution
		SolutionGuid = {85F75334-AE65-4273-A353-993C3B44AED0}
	EndGlobalSection
EndGlobal
